// !$*UTF8*$!
{
	archiveVersion = 1;
	classes = {
	};
	objectVersion = 56;
	objects = {

/* Begin PBXBuildFile section */
		D30B78E72A3872FF003FE5C1 /* TrackerISSApp.swift in Sources */ = {isa = PBXBuildFile; fileRef = D30B78E62A3872FF003FE5C1 /* TrackerISSApp.swift */; };
		D30B78E92A3872FF003FE5C1 /* ContentView.swift in Sources */ = {isa = PBXBuildFile; fileRef = D30B78E82A3872FF003FE5C1 /* ContentView.swift */; };
		D30B78EB2A387300003FE5C1 /* Assets.xcassets in Resources */ = {isa = PBXBuildFile; fileRef = D30B78EA2A387300003FE5C1 /* Assets.xcassets */; };
		D30B78EE2A387300003FE5C1 /* Preview Assets.xcassets in Resources */ = {isa = PBXBuildFile; fileRef = D30B78ED2A387300003FE5C1 /* Preview Assets.xcassets */; };
		D30B78F82A387300003FE5C1 /* TrackerISSTests.swift in Sources */ = {isa = PBXBuildFile; fileRef = D30B78F72A387300003FE5C1 /* TrackerISSTests.swift */; };
		D30B79022A387300003FE5C1 /* TrackerISSUITests.swift in Sources */ = {isa = PBXBuildFile; fileRef = D30B79012A387300003FE5C1 /* TrackerISSUITests.swift */; };
		D30B79042A387300003FE5C1 /* TrackerISSUITestsLaunchTests.swift in Sources */ = {isa = PBXBuildFile; fileRef = D30B79032A387300003FE5C1 /* TrackerISSUITestsLaunchTests.swift */; };
		D30B79142A38DDFB003FE5C1 /* LoginView.swift in Sources */ = {isa = PBXBuildFile; fileRef = D30B79132A38DDFB003FE5C1 /* LoginView.swift */; };
		D30B79152A38DDFB003FE5C1 /* LoginView.swift in Sources */ = {isa = PBXBuildFile; fileRef = D30B79132A38DDFB003FE5C1 /* LoginView.swift */; };
		D30B79162A38DDFB003FE5C1 /* LoginView.swift in Sources */ = {isa = PBXBuildFile; fileRef = D30B79132A38DDFB003FE5C1 /* LoginView.swift */; };
		D30B79182A38DE21003FE5C1 /* LoginViewModel.swift in Sources */ = {isa = PBXBuildFile; fileRef = D30B79172A38DE21003FE5C1 /* LoginViewModel.swift */; };
		D30B79192A38DE21003FE5C1 /* LoginViewModel.swift in Sources */ = {isa = PBXBuildFile; fileRef = D30B79172A38DE21003FE5C1 /* LoginViewModel.swift */; };
		D30B791A2A38DE21003FE5C1 /* LoginViewModel.swift in Sources */ = {isa = PBXBuildFile; fileRef = D30B79172A38DE21003FE5C1 /* LoginViewModel.swift */; };
		D30B791C2A3A2768003FE5C1 /* LocationISSModel.swift in Sources */ = {isa = PBXBuildFile; fileRef = D30B791B2A3A2768003FE5C1 /* LocationISSModel.swift */; };
		D30B791D2A3A2768003FE5C1 /* LocationISSModel.swift in Sources */ = {isa = PBXBuildFile; fileRef = D30B791B2A3A2768003FE5C1 /* LocationISSModel.swift */; };
		D30B791E2A3A2768003FE5C1 /* LocationISSModel.swift in Sources */ = {isa = PBXBuildFile; fileRef = D30B791B2A3A2768003FE5C1 /* LocationISSModel.swift */; };
		D30B79212A3A27BA003FE5C1 /* apiService.swift in Sources */ = {isa = PBXBuildFile; fileRef = D30B79202A3A27BA003FE5C1 /* apiService.swift */; };
		D30B79222A3A27BA003FE5C1 /* apiService.swift in Sources */ = {isa = PBXBuildFile; fileRef = D30B79202A3A27BA003FE5C1 /* apiService.swift */; };
		D30B79232A3A27BA003FE5C1 /* apiService.swift in Sources */ = {isa = PBXBuildFile; fileRef = D30B79202A3A27BA003FE5C1 /* apiService.swift */; };
		D30B79252A3A2809003FE5C1 /* MapViewModel.swift in Sources */ = {isa = PBXBuildFile; fileRef = D30B79242A3A2809003FE5C1 /* MapViewModel.swift */; };
		D30B79262A3A2809003FE5C1 /* MapViewModel.swift in Sources */ = {isa = PBXBuildFile; fileRef = D30B79242A3A2809003FE5C1 /* MapViewModel.swift */; };
		D30B79272A3A2809003FE5C1 /* MapViewModel.swift in Sources */ = {isa = PBXBuildFile; fileRef = D30B79242A3A2809003FE5C1 /* MapViewModel.swift */; };
		D30B79292A3B1269003FE5C1 /* MapView.swift in Sources */ = {isa = PBXBuildFile; fileRef = D30B79282A3B1269003FE5C1 /* MapView.swift */; };
		D30B792A2A3B1269003FE5C1 /* MapView.swift in Sources */ = {isa = PBXBuildFile; fileRef = D30B79282A3B1269003FE5C1 /* MapView.swift */; };
		D30B792B2A3B1269003FE5C1 /* MapView.swift in Sources */ = {isa = PBXBuildFile; fileRef = D30B79282A3B1269003FE5C1 /* MapView.swift */; };
		D30B79322A3B1FFD003FE5C1 /* AppState.swift in Sources */ = {isa = PBXBuildFile; fileRef = D30B79312A3B1FFD003FE5C1 /* AppState.swift */; };
		D30B79332A3B1FFD003FE5C1 /* AppState.swift in Sources */ = {isa = PBXBuildFile; fileRef = D30B79312A3B1FFD003FE5C1 /* AppState.swift */; };
		D30B79342A3B1FFD003FE5C1 /* AppState.swift in Sources */ = {isa = PBXBuildFile; fileRef = D30B79312A3B1FFD003FE5C1 /* AppState.swift */; };
		D30B79382A3B6F00003FE5C1 /* AnnotationView.swift in Sources */ = {isa = PBXBuildFile; fileRef = D30B79372A3B6F00003FE5C1 /* AnnotationView.swift */; };
		D30B79392A3B6F00003FE5C1 /* AnnotationView.swift in Sources */ = {isa = PBXBuildFile; fileRef = D30B79372A3B6F00003FE5C1 /* AnnotationView.swift */; };
		D30B793A2A3B6F00003FE5C1 /* AnnotationView.swift in Sources */ = {isa = PBXBuildFile; fileRef = D30B79372A3B6F00003FE5C1 /* AnnotationView.swift */; };
		D30B793C2A3B7369003FE5C1 /* ISSAnnotationModel.swift in Sources */ = {isa = PBXBuildFile; fileRef = D30B793B2A3B7369003FE5C1 /* ISSAnnotationModel.swift */; };
		D30B793D2A3B7369003FE5C1 /* ISSAnnotationModel.swift in Sources */ = {isa = PBXBuildFile; fileRef = D30B793B2A3B7369003FE5C1 /* ISSAnnotationModel.swift */; };
		D30B793E2A3B7369003FE5C1 /* ISSAnnotationModel.swift in Sources */ = {isa = PBXBuildFile; fileRef = D30B793B2A3B7369003FE5C1 /* ISSAnnotationModel.swift */; };
		D30B79402A3DC5DB003FE5C1 /* Astronauts.swift in Sources */ = {isa = PBXBuildFile; fileRef = D30B793F2A3DC5DB003FE5C1 /* Astronauts.swift */; };
		D30B79412A3DC5DB003FE5C1 /* Astronauts.swift in Sources */ = {isa = PBXBuildFile; fileRef = D30B793F2A3DC5DB003FE5C1 /* Astronauts.swift */; };
		D30B79422A3DC5DB003FE5C1 /* Astronauts.swift in Sources */ = {isa = PBXBuildFile; fileRef = D30B793F2A3DC5DB003FE5C1 /* Astronauts.swift */; };
		D30B79442A3DC5F7003FE5C1 /* AstronautsViewModel.swift in Sources */ = {isa = PBXBuildFile; fileRef = D30B79432A3DC5F7003FE5C1 /* AstronautsViewModel.swift */; };
		D30B79452A3DC5F7003FE5C1 /* AstronautsViewModel.swift in Sources */ = {isa = PBXBuildFile; fileRef = D30B79432A3DC5F7003FE5C1 /* AstronautsViewModel.swift */; };
		D30B79462A3DC5F7003FE5C1 /* AstronautsViewModel.swift in Sources */ = {isa = PBXBuildFile; fileRef = D30B79432A3DC5F7003FE5C1 /* AstronautsViewModel.swift */; };
		D38A69782A40529C00DD80D4 /* CallOut.swift in Sources */ = {isa = PBXBuildFile; fileRef = D38A69772A40529C00DD80D4 /* CallOut.swift */; };
		D38A69792A40529C00DD80D4 /* CallOut.swift in Sources */ = {isa = PBXBuildFile; fileRef = D38A69772A40529C00DD80D4 /* CallOut.swift */; };
		D38A697A2A40529C00DD80D4 /* CallOut.swift in Sources */ = {isa = PBXBuildFile; fileRef = D38A69772A40529C00DD80D4 /* CallOut.swift */; };
		D38A697C2A40660400DD80D4 /* AnnotationButton.swift in Sources */ = {isa = PBXBuildFile; fileRef = D38A697B2A40660400DD80D4 /* AnnotationButton.swift */; };
		D38A697D2A40660400DD80D4 /* AnnotationButton.swift in Sources */ = {isa = PBXBuildFile; fileRef = D38A697B2A40660400DD80D4 /* AnnotationButton.swift */; };
		D38A697E2A40660400DD80D4 /* AnnotationButton.swift in Sources */ = {isa = PBXBuildFile; fileRef = D38A697B2A40660400DD80D4 /* AnnotationButton.swift */; };
/* End PBXBuildFile section */

/* Begin PBXContainerItemProxy section */
		D30B78F42A387300003FE5C1 /* PBXContainerItemProxy */ = {
			isa = PBXContainerItemProxy;
			containerPortal = D30B78DB2A3872FF003FE5C1 /* Project object */;
			proxyType = 1;
			remoteGlobalIDString = D30B78E22A3872FF003FE5C1;
			remoteInfo = TrackerISS;
		};
		D30B78FE2A387300003FE5C1 /* PBXContainerItemProxy */ = {
			isa = PBXContainerItemProxy;
			containerPortal = D30B78DB2A3872FF003FE5C1 /* Project object */;
			proxyType = 1;
			remoteGlobalIDString = D30B78E22A3872FF003FE5C1;
			remoteInfo = TrackerISS;
		};
/* End PBXContainerItemProxy section */

/* Begin PBXFileReference section */
		D30B78E32A3872FF003FE5C1 /* TrackerISS.app */ = {isa = PBXFileReference; explicitFileType = wrapper.application; includeInIndex = 0; path = TrackerISS.app; sourceTree = BUILT_PRODUCTS_DIR; };
		D30B78E62A3872FF003FE5C1 /* TrackerISSApp.swift */ = {isa = PBXFileReference; lastKnownFileType = sourcecode.swift; path = TrackerISSApp.swift; sourceTree = "<group>"; };
		D30B78E82A3872FF003FE5C1 /* ContentView.swift */ = {isa = PBXFileReference; lastKnownFileType = sourcecode.swift; path = ContentView.swift; sourceTree = "<group>"; };
		D30B78EA2A387300003FE5C1 /* Assets.xcassets */ = {isa = PBXFileReference; lastKnownFileType = folder.assetcatalog; path = Assets.xcassets; sourceTree = "<group>"; };
		D30B78ED2A387300003FE5C1 /* Preview Assets.xcassets */ = {isa = PBXFileReference; lastKnownFileType = folder.assetcatalog; path = "Preview Assets.xcassets"; sourceTree = "<group>"; };
		D30B78F32A387300003FE5C1 /* TrackerISSTests.xctest */ = {isa = PBXFileReference; explicitFileType = wrapper.cfbundle; includeInIndex = 0; path = TrackerISSTests.xctest; sourceTree = BUILT_PRODUCTS_DIR; };
		D30B78F72A387300003FE5C1 /* TrackerISSTests.swift */ = {isa = PBXFileReference; lastKnownFileType = sourcecode.swift; path = TrackerISSTests.swift; sourceTree = "<group>"; };
		D30B78FD2A387300003FE5C1 /* TrackerISSUITests.xctest */ = {isa = PBXFileReference; explicitFileType = wrapper.cfbundle; includeInIndex = 0; path = TrackerISSUITests.xctest; sourceTree = BUILT_PRODUCTS_DIR; };
		D30B79012A387300003FE5C1 /* TrackerISSUITests.swift */ = {isa = PBXFileReference; lastKnownFileType = sourcecode.swift; path = TrackerISSUITests.swift; sourceTree = "<group>"; };
		D30B79032A387300003FE5C1 /* TrackerISSUITestsLaunchTests.swift */ = {isa = PBXFileReference; lastKnownFileType = sourcecode.swift; path = TrackerISSUITestsLaunchTests.swift; sourceTree = "<group>"; };
		D30B79132A38DDFB003FE5C1 /* LoginView.swift */ = {isa = PBXFileReference; lastKnownFileType = sourcecode.swift; path = LoginView.swift; sourceTree = "<group>"; };
		D30B79172A38DE21003FE5C1 /* LoginViewModel.swift */ = {isa = PBXFileReference; lastKnownFileType = sourcecode.swift; path = LoginViewModel.swift; sourceTree = "<group>"; };
		D30B791B2A3A2768003FE5C1 /* LocationISSModel.swift */ = {isa = PBXFileReference; lastKnownFileType = sourcecode.swift; path = LocationISSModel.swift; sourceTree = "<group>"; };
		D30B79202A3A27BA003FE5C1 /* apiService.swift */ = {isa = PBXFileReference; lastKnownFileType = sourcecode.swift; path = apiService.swift; sourceTree = "<group>"; };
		D30B79242A3A2809003FE5C1 /* MapViewModel.swift */ = {isa = PBXFileReference; lastKnownFileType = sourcecode.swift; path = MapViewModel.swift; sourceTree = "<group>"; };
		D30B79282A3B1269003FE5C1 /* MapView.swift */ = {isa = PBXFileReference; lastKnownFileType = sourcecode.swift; path = MapView.swift; sourceTree = "<group>"; };
		D30B79312A3B1FFD003FE5C1 /* AppState.swift */ = {isa = PBXFileReference; lastKnownFileType = sourcecode.swift; path = AppState.swift; sourceTree = "<group>"; };
		D30B79352A3B6DD3003FE5C1 /* Info.plist */ = {isa = PBXFileReference; lastKnownFileType = text.plist; path = Info.plist; sourceTree = "<group>"; };
		D30B79372A3B6F00003FE5C1 /* AnnotationView.swift */ = {isa = PBXFileReference; lastKnownFileType = sourcecode.swift; path = AnnotationView.swift; sourceTree = "<group>"; };
		D30B793B2A3B7369003FE5C1 /* ISSAnnotationModel.swift */ = {isa = PBXFileReference; lastKnownFileType = sourcecode.swift; path = ISSAnnotationModel.swift; sourceTree = "<group>"; };
		D30B793F2A3DC5DB003FE5C1 /* Astronauts.swift */ = {isa = PBXFileReference; lastKnownFileType = sourcecode.swift; path = Astronauts.swift; sourceTree = "<group>"; };
		D30B79432A3DC5F7003FE5C1 /* AstronautsViewModel.swift */ = {isa = PBXFileReference; lastKnownFileType = sourcecode.swift; path = AstronautsViewModel.swift; sourceTree = "<group>"; };
		D38A69772A40529C00DD80D4 /* CallOut.swift */ = {isa = PBXFileReference; lastKnownFileType = sourcecode.swift; path = CallOut.swift; sourceTree = "<group>"; };
		D38A697B2A40660400DD80D4 /* AnnotationButton.swift */ = {isa = PBXFileReference; lastKnownFileType = sourcecode.swift; path = AnnotationButton.swift; sourceTree = "<group>"; };
/* End PBXFileReference section */

/* Begin PBXFrameworksBuildPhase section */
		D30B78E02A3872FF003FE5C1 /* Frameworks */ = {
			isa = PBXFrameworksBuildPhase;
			buildActionMask = 2147483647;
			files = (
			);
			runOnlyForDeploymentPostprocessing = 0;
		};
		D30B78F02A387300003FE5C1 /* Frameworks */ = {
			isa = PBXFrameworksBuildPhase;
			buildActionMask = 2147483647;
			files = (
			);
			runOnlyForDeploymentPostprocessing = 0;
		};
		D30B78FA2A387300003FE5C1 /* Frameworks */ = {
			isa = PBXFrameworksBuildPhase;
			buildActionMask = 2147483647;
			files = (
			);
			runOnlyForDeploymentPostprocessing = 0;
		};
/* End PBXFrameworksBuildPhase section */

/* Begin PBXGroup section */
		D30B78DA2A3872FF003FE5C1 = {
			isa = PBXGroup;
			children = (
				D30B78E52A3872FF003FE5C1 /* TrackerISS */,
				D30B78F62A387300003FE5C1 /* TrackerISSTests */,
				D30B79002A387300003FE5C1 /* TrackerISSUITests */,
				D30B78E42A3872FF003FE5C1 /* Products */,
			);
			sourceTree = "<group>";
		};
		D30B78E42A3872FF003FE5C1 /* Products */ = {
			isa = PBXGroup;
			children = (
				D30B78E32A3872FF003FE5C1 /* TrackerISS.app */,
				D30B78F32A387300003FE5C1 /* TrackerISSTests.xctest */,
				D30B78FD2A387300003FE5C1 /* TrackerISSUITests.xctest */,
			);
			name = Products;
			sourceTree = "<group>";
		};
		D30B78E52A3872FF003FE5C1 /* TrackerISS */ = {
			isa = PBXGroup;
			children = (
				D30B79352A3B6DD3003FE5C1 /* Info.plist */,
				D30B792C2A3B1FB0003FE5C1 /* NavigationState */,
				D30B791F2A3A27A1003FE5C1 /* API */,
				D30B79122A38DDDF003FE5C1 /* Astronauts */,
				D30B79112A38DDDA003FE5C1 /* Map */,
				D30B79102A38DDCE003FE5C1 /* Login */,
				D30B78E62A3872FF003FE5C1 /* TrackerISSApp.swift */,
				D30B78E82A3872FF003FE5C1 /* ContentView.swift */,
				D30B78EA2A387300003FE5C1 /* Assets.xcassets */,
				D30B78EC2A387300003FE5C1 /* Preview Content */,
			);
			path = TrackerISS;
			sourceTree = "<group>";
		};
		D30B78EC2A387300003FE5C1 /* Preview Content */ = {
			isa = PBXGroup;
			children = (
				D30B78ED2A387300003FE5C1 /* Preview Assets.xcassets */,
			);
			path = "Preview Content";
			sourceTree = "<group>";
		};
		D30B78F62A387300003FE5C1 /* TrackerISSTests */ = {
			isa = PBXGroup;
			children = (
				D30B78F72A387300003FE5C1 /* TrackerISSTests.swift */,
			);
			path = TrackerISSTests;
			sourceTree = "<group>";
		};
		D30B79002A387300003FE5C1 /* TrackerISSUITests */ = {
			isa = PBXGroup;
			children = (
				D30B79012A387300003FE5C1 /* TrackerISSUITests.swift */,
				D30B79032A387300003FE5C1 /* TrackerISSUITestsLaunchTests.swift */,
			);
			path = TrackerISSUITests;
			sourceTree = "<group>";
		};
		D30B79102A38DDCE003FE5C1 /* Login */ = {
			isa = PBXGroup;
			children = (
				D30B79132A38DDFB003FE5C1 /* LoginView.swift */,
				D30B79172A38DE21003FE5C1 /* LoginViewModel.swift */,
			);
			path = Login;
			sourceTree = "<group>";
		};
		D30B79112A38DDDA003FE5C1 /* Map */ = {
			isa = PBXGroup;
			children = (
				D30B79362A3B6EE6003FE5C1 /* Annotation */,
				D30B791B2A3A2768003FE5C1 /* LocationISSModel.swift */,
				D30B79242A3A2809003FE5C1 /* MapViewModel.swift */,
				D30B79282A3B1269003FE5C1 /* MapView.swift */,
			);
			path = Map;
			sourceTree = "<group>";
		};
		D30B79122A38DDDF003FE5C1 /* Astronauts */ = {
			isa = PBXGroup;
			children = (
				D30B793F2A3DC5DB003FE5C1 /* Astronauts.swift */,
				D30B79432A3DC5F7003FE5C1 /* AstronautsViewModel.swift */,
				D38A69772A40529C00DD80D4 /* CallOut.swift */,
			);
			path = Astronauts;
			sourceTree = "<group>";
		};
		D30B791F2A3A27A1003FE5C1 /* API */ = {
			isa = PBXGroup;
			children = (
				D30B79202A3A27BA003FE5C1 /* apiService.swift */,
			);
			path = API;
			sourceTree = "<group>";
		};
		D30B792C2A3B1FB0003FE5C1 /* NavigationState */ = {
			isa = PBXGroup;
			children = (
				D30B79312A3B1FFD003FE5C1 /* AppState.swift */,
			);
			path = NavigationState;
			sourceTree = "<group>";
		};
		D30B79362A3B6EE6003FE5C1 /* Annotation */ = {
			isa = PBXGroup;
			children = (
				D30B79372A3B6F00003FE5C1 /* AnnotationView.swift */,
				D30B793B2A3B7369003FE5C1 /* ISSAnnotationModel.swift */,
				D38A697B2A40660400DD80D4 /* AnnotationButton.swift */,
			);
			path = Annotation;
			sourceTree = "<group>";
		};
/* End PBXGroup section */

/* Begin PBXNativeTarget section */
		D30B78E22A3872FF003FE5C1 /* TrackerISS */ = {
			isa = PBXNativeTarget;
			buildConfigurationList = D30B79072A387300003FE5C1 /* Build configuration list for PBXNativeTarget "TrackerISS" */;
			buildPhases = (
				D30B78DF2A3872FF003FE5C1 /* Sources */,
				D30B78E02A3872FF003FE5C1 /* Frameworks */,
				D30B78E12A3872FF003FE5C1 /* Resources */,
			);
			buildRules = (
			);
			dependencies = (
			);
			name = TrackerISS;
			productName = TrackerISS;
			productReference = D30B78E32A3872FF003FE5C1 /* TrackerISS.app */;
			productType = "com.apple.product-type.application";
		};
		D30B78F22A387300003FE5C1 /* TrackerISSTests */ = {
			isa = PBXNativeTarget;
			buildConfigurationList = D30B790A2A387300003FE5C1 /* Build configuration list for PBXNativeTarget "TrackerISSTests" */;
			buildPhases = (
				D30B78EF2A387300003FE5C1 /* Sources */,
				D30B78F02A387300003FE5C1 /* Frameworks */,
				D30B78F12A387300003FE5C1 /* Resources */,
			);
			buildRules = (
			);
			dependencies = (
				D30B78F52A387300003FE5C1 /* PBXTargetDependency */,
			);
			name = TrackerISSTests;
			productName = TrackerISSTests;
			productReference = D30B78F32A387300003FE5C1 /* TrackerISSTests.xctest */;
			productType = "com.apple.product-type.bundle.unit-test";
		};
		D30B78FC2A387300003FE5C1 /* TrackerISSUITests */ = {
			isa = PBXNativeTarget;
			buildConfigurationList = D30B790D2A387300003FE5C1 /* Build configuration list for PBXNativeTarget "TrackerISSUITests" */;
			buildPhases = (
				D30B78F92A387300003FE5C1 /* Sources */,
				D30B78FA2A387300003FE5C1 /* Frameworks */,
				D30B78FB2A387300003FE5C1 /* Resources */,
			);
			buildRules = (
			);
			dependencies = (
				D30B78FF2A387300003FE5C1 /* PBXTargetDependency */,
			);
			name = TrackerISSUITests;
			productName = TrackerISSUITests;
			productReference = D30B78FD2A387300003FE5C1 /* TrackerISSUITests.xctest */;
			productType = "com.apple.product-type.bundle.ui-testing";
		};
/* End PBXNativeTarget section */

/* Begin PBXProject section */
		D30B78DB2A3872FF003FE5C1 /* Project object */ = {
			isa = PBXProject;
			attributes = {
				BuildIndependentTargetsInParallel = 1;
				LastSwiftUpdateCheck = 1420;
				LastUpgradeCheck = 1420;
				TargetAttributes = {
					D30B78E22A3872FF003FE5C1 = {
						CreatedOnToolsVersion = 14.2;
					};
					D30B78F22A387300003FE5C1 = {
						CreatedOnToolsVersion = 14.2;
						TestTargetID = D30B78E22A3872FF003FE5C1;
					};
					D30B78FC2A387300003FE5C1 = {
						CreatedOnToolsVersion = 14.2;
						TestTargetID = D30B78E22A3872FF003FE5C1;
					};
				};
			};
			buildConfigurationList = D30B78DE2A3872FF003FE5C1 /* Build configuration list for PBXProject "TrackerISS" */;
			compatibilityVersion = "Xcode 14.0";
			developmentRegion = en;
			hasScannedForEncodings = 0;
			knownRegions = (
				en,
				Base,
			);
			mainGroup = D30B78DA2A3872FF003FE5C1;
			productRefGroup = D30B78E42A3872FF003FE5C1 /* Products */;
			projectDirPath = "";
			projectRoot = "";
			targets = (
				D30B78E22A3872FF003FE5C1 /* TrackerISS */,
				D30B78F22A387300003FE5C1 /* TrackerISSTests */,
				D30B78FC2A387300003FE5C1 /* TrackerISSUITests */,
			);
		};
/* End PBXProject section */

/* Begin PBXResourcesBuildPhase section */
		D30B78E12A3872FF003FE5C1 /* Resources */ = {
			isa = PBXResourcesBuildPhase;
			buildActionMask = 2147483647;
			files = (
				D30B78EE2A387300003FE5C1 /* Preview Assets.xcassets in Resources */,
				D30B78EB2A387300003FE5C1 /* Assets.xcassets in Resources */,
			);
			runOnlyForDeploymentPostprocessing = 0;
		};
		D30B78F12A387300003FE5C1 /* Resources */ = {
			isa = PBXResourcesBuildPhase;
			buildActionMask = 2147483647;
			files = (
			);
			runOnlyForDeploymentPostprocessing = 0;
		};
		D30B78FB2A387300003FE5C1 /* Resources */ = {
			isa = PBXResourcesBuildPhase;
			buildActionMask = 2147483647;
			files = (
			);
			runOnlyForDeploymentPostprocessing = 0;
		};
/* End PBXResourcesBuildPhase section */

/* Begin PBXSourcesBuildPhase section */
		D30B78DF2A3872FF003FE5C1 /* Sources */ = {
			isa = PBXSourcesBuildPhase;
			buildActionMask = 2147483647;
			files = (
				D38A69782A40529C00DD80D4 /* CallOut.swift in Sources */,
				D30B79212A3A27BA003FE5C1 /* apiService.swift in Sources */,
				D30B79292A3B1269003FE5C1 /* MapView.swift in Sources */,
				D30B791C2A3A2768003FE5C1 /* LocationISSModel.swift in Sources */,
				D30B79322A3B1FFD003FE5C1 /* AppState.swift in Sources */,
				D30B79442A3DC5F7003FE5C1 /* AstronautsViewModel.swift in Sources */,
				D30B79182A38DE21003FE5C1 /* LoginViewModel.swift in Sources */,
				D30B79142A38DDFB003FE5C1 /* LoginView.swift in Sources */,
				D30B79252A3A2809003FE5C1 /* MapViewModel.swift in Sources */,
				D30B79402A3DC5DB003FE5C1 /* Astronauts.swift in Sources */,
				D30B79382A3B6F00003FE5C1 /* AnnotationView.swift in Sources */,
				D30B793C2A3B7369003FE5C1 /* ISSAnnotationModel.swift in Sources */,
				D30B78E92A3872FF003FE5C1 /* ContentView.swift in Sources */,
				D38A697C2A40660400DD80D4 /* AnnotationButton.swift in Sources */,
				D30B78E72A3872FF003FE5C1 /* TrackerISSApp.swift in Sources */,
			);
			runOnlyForDeploymentPostprocessing = 0;
		};
		D30B78EF2A387300003FE5C1 /* Sources */ = {
			isa = PBXSourcesBuildPhase;
			buildActionMask = 2147483647;
			files = (
				D30B79452A3DC5F7003FE5C1 /* AstronautsViewModel.swift in Sources */,
				D30B792A2A3B1269003FE5C1 /* MapView.swift in Sources */,
				D30B79392A3B6F00003FE5C1 /* AnnotationView.swift in Sources */,
				D38A69792A40529C00DD80D4 /* CallOut.swift in Sources */,
				D30B79412A3DC5DB003FE5C1 /* Astronauts.swift in Sources */,
				D30B79152A38DDFB003FE5C1 /* LoginView.swift in Sources */,
				D30B79222A3A27BA003FE5C1 /* apiService.swift in Sources */,
				D30B793D2A3B7369003FE5C1 /* ISSAnnotationModel.swift in Sources */,
				D30B79332A3B1FFD003FE5C1 /* AppState.swift in Sources */,
				D30B78F82A387300003FE5C1 /* TrackerISSTests.swift in Sources */,
				D38A697D2A40660400DD80D4 /* AnnotationButton.swift in Sources */,
				D30B791D2A3A2768003FE5C1 /* LocationISSModel.swift in Sources */,
				D30B79192A38DE21003FE5C1 /* LoginViewModel.swift in Sources */,
				D30B79262A3A2809003FE5C1 /* MapViewModel.swift in Sources */,
			);
			runOnlyForDeploymentPostprocessing = 0;
		};
		D30B78F92A387300003FE5C1 /* Sources */ = {
			isa = PBXSourcesBuildPhase;
			buildActionMask = 2147483647;
			files = (
				D38A697A2A40529C00DD80D4 /* CallOut.swift in Sources */,
				D30B79232A3A27BA003FE5C1 /* apiService.swift in Sources */,
				D30B792B2A3B1269003FE5C1 /* MapView.swift in Sources */,
				D30B791E2A3A2768003FE5C1 /* LocationISSModel.swift in Sources */,
				D30B79342A3B1FFD003FE5C1 /* AppState.swift in Sources */,
				D30B79462A3DC5F7003FE5C1 /* AstronautsViewModel.swift in Sources */,
				D30B791A2A38DE21003FE5C1 /* LoginViewModel.swift in Sources */,
				D30B79162A38DDFB003FE5C1 /* LoginView.swift in Sources */,
				D30B79272A3A2809003FE5C1 /* MapViewModel.swift in Sources */,
				D30B79422A3DC5DB003FE5C1 /* Astronauts.swift in Sources */,
				D30B793A2A3B6F00003FE5C1 /* AnnotationView.swift in Sources */,
				D30B793E2A3B7369003FE5C1 /* ISSAnnotationModel.swift in Sources */,
				D30B79022A387300003FE5C1 /* TrackerISSUITests.swift in Sources */,
				D38A697E2A40660400DD80D4 /* AnnotationButton.swift in Sources */,
				D30B79042A387300003FE5C1 /* TrackerISSUITestsLaunchTests.swift in Sources */,
			);
			runOnlyForDeploymentPostprocessing = 0;
		};
/* End PBXSourcesBuildPhase section */

/* Begin PBXTargetDependency section */
		D30B78F52A387300003FE5C1 /* PBXTargetDependency */ = {
			isa = PBXTargetDependency;
			target = D30B78E22A3872FF003FE5C1 /* TrackerISS */;
			targetProxy = D30B78F42A387300003FE5C1 /* PBXContainerItemProxy */;
		};
		D30B78FF2A387300003FE5C1 /* PBXTargetDependency */ = {
			isa = PBXTargetDependency;
			target = D30B78E22A3872FF003FE5C1 /* TrackerISS */;
			targetProxy = D30B78FE2A387300003FE5C1 /* PBXContainerItemProxy */;
		};
/* End PBXTargetDependency section */

/* Begin XCBuildConfiguration section */
		D30B79052A387300003FE5C1 /* Debug */ = {
			isa = XCBuildConfiguration;
			buildSettings = {
				ALWAYS_SEARCH_USER_PATHS = NO;
				CLANG_ANALYZER_NONNULL = YES;
				CLANG_ANALYZER_NUMBER_OBJECT_CONVERSION = YES_AGGRESSIVE;
				CLANG_CXX_LANGUAGE_STANDARD = "gnu++20";
				CLANG_ENABLE_MODULES = YES;
				CLANG_ENABLE_OBJC_ARC = YES;
				CLANG_ENABLE_OBJC_WEAK = YES;
				CLANG_WARN_BLOCK_CAPTURE_AUTORELEASING = YES;
				CLANG_WARN_BOOL_CONVERSION = YES;
				CLANG_WARN_COMMA = YES;
				CLANG_WARN_CONSTANT_CONVERSION = YES;
				CLANG_WARN_DEPRECATED_OBJC_IMPLEMENTATIONS = YES;
				CLANG_WARN_DIRECT_OBJC_ISA_USAGE = YES_ERROR;
				CLANG_WARN_DOCUMENTATION_COMMENTS = YES;
				CLANG_WARN_EMPTY_BODY = YES;
				CLANG_WARN_ENUM_CONVERSION = YES;
				CLANG_WARN_INFINITE_RECURSION = YES;
				CLANG_WARN_INT_CONVERSION = YES;
				CLANG_WARN_NON_LITERAL_NULL_CONVERSION = YES;
				CLANG_WARN_OBJC_IMPLICIT_RETAIN_SELF = YES;
				CLANG_WARN_OBJC_LITERAL_CONVERSION = YES;
				CLANG_WARN_OBJC_ROOT_CLASS = YES_ERROR;
				CLANG_WARN_QUOTED_INCLUDE_IN_FRAMEWORK_HEADER = YES;
				CLANG_WARN_RANGE_LOOP_ANALYSIS = YES;
				CLANG_WARN_STRICT_PROTOTYPES = YES;
				CLANG_WARN_SUSPICIOUS_MOVE = YES;
				CLANG_WARN_UNGUARDED_AVAILABILITY = YES_AGGRESSIVE;
				CLANG_WARN_UNREACHABLE_CODE = YES;
				CLANG_WARN__DUPLICATE_METHOD_MATCH = YES;
				COPY_PHASE_STRIP = NO;
				DEBUG_INFORMATION_FORMAT = dwarf;
				ENABLE_STRICT_OBJC_MSGSEND = YES;
				ENABLE_TESTABILITY = YES;
				GCC_C_LANGUAGE_STANDARD = gnu11;
				GCC_DYNAMIC_NO_PIC = NO;
				GCC_NO_COMMON_BLOCKS = YES;
				GCC_OPTIMIZATION_LEVEL = 0;
				GCC_PREPROCESSOR_DEFINITIONS = (
					"DEBUG=1",
					"$(inherited)",
				);
				GCC_WARN_64_TO_32_BIT_CONVERSION = YES;
				GCC_WARN_ABOUT_RETURN_TYPE = YES_ERROR;
				GCC_WARN_UNDECLARED_SELECTOR = YES;
				GCC_WARN_UNINITIALIZED_AUTOS = YES_AGGRESSIVE;
				GCC_WARN_UNUSED_FUNCTION = YES;
				GCC_WARN_UNUSED_VARIABLE = YES;
				IPHONEOS_DEPLOYMENT_TARGET = 16.2;
				MTL_ENABLE_DEBUG_INFO = INCLUDE_SOURCE;
				MTL_FAST_MATH = YES;
				ONLY_ACTIVE_ARCH = YES;
				SDKROOT = iphoneos;
				SWIFT_ACTIVE_COMPILATION_CONDITIONS = DEBUG;
				SWIFT_OPTIMIZATION_LEVEL = "-Onone";
			};
			name = Debug;
		};
		D30B79062A387300003FE5C1 /* Release */ = {
			isa = XCBuildConfiguration;
			buildSettings = {
				ALWAYS_SEARCH_USER_PATHS = NO;
				CLANG_ANALYZER_NONNULL = YES;
				CLANG_ANALYZER_NUMBER_OBJECT_CONVERSION = YES_AGGRESSIVE;
				CLANG_CXX_LANGUAGE_STANDARD = "gnu++20";
				CLANG_ENABLE_MODULES = YES;
				CLANG_ENABLE_OBJC_ARC = YES;
				CLANG_ENABLE_OBJC_WEAK = YES;
				CLANG_WARN_BLOCK_CAPTURE_AUTORELEASING = YES;
				CLANG_WARN_BOOL_CONVERSION = YES;
				CLANG_WARN_COMMA = YES;
				CLANG_WARN_CONSTANT_CONVERSION = YES;
				CLANG_WARN_DEPRECATED_OBJC_IMPLEMENTATIONS = YES;
				CLANG_WARN_DIRECT_OBJC_ISA_USAGE = YES_ERROR;
				CLANG_WARN_DOCUMENTATION_COMMENTS = YES;
				CLANG_WARN_EMPTY_BODY = YES;
				CLANG_WARN_ENUM_CONVERSION = YES;
				CLANG_WARN_INFINITE_RECURSION = YES;
				CLANG_WARN_INT_CONVERSION = YES;
				CLANG_WARN_NON_LITERAL_NULL_CONVERSION = YES;
				CLANG_WARN_OBJC_IMPLICIT_RETAIN_SELF = YES;
				CLANG_WARN_OBJC_LITERAL_CONVERSION = YES;
				CLANG_WARN_OBJC_ROOT_CLASS = YES_ERROR;
				CLANG_WARN_QUOTED_INCLUDE_IN_FRAMEWORK_HEADER = YES;
				CLANG_WARN_RANGE_LOOP_ANALYSIS = YES;
				CLANG_WARN_STRICT_PROTOTYPES = YES;
				CLANG_WARN_SUSPICIOUS_MOVE = YES;
				CLANG_WARN_UNGUARDED_AVAILABILITY = YES_AGGRESSIVE;
				CLANG_WARN_UNREACHABLE_CODE = YES;
				CLANG_WARN__DUPLICATE_METHOD_MATCH = YES;
				COPY_PHASE_STRIP = NO;
				DEBUG_INFORMATION_FORMAT = "dwarf-with-dsym";
				ENABLE_NS_ASSERTIONS = NO;
				ENABLE_STRICT_OBJC_MSGSEND = YES;
				GCC_C_LANGUAGE_STANDARD = gnu11;
				GCC_NO_COMMON_BLOCKS = YES;
				GCC_WARN_64_TO_32_BIT_CONVERSION = YES;
				GCC_WARN_ABOUT_RETURN_TYPE = YES_ERROR;
				GCC_WARN_UNDECLARED_SELECTOR = YES;
				GCC_WARN_UNINITIALIZED_AUTOS = YES_AGGRESSIVE;
				GCC_WARN_UNUSED_FUNCTION = YES;
				GCC_WARN_UNUSED_VARIABLE = YES;
				IPHONEOS_DEPLOYMENT_TARGET = 16.2;
				MTL_ENABLE_DEBUG_INFO = NO;
				MTL_FAST_MATH = YES;
				SDKROOT = iphoneos;
				SWIFT_COMPILATION_MODE = wholemodule;
				SWIFT_OPTIMIZATION_LEVEL = "-O";
				VALIDATE_PRODUCT = YES;
			};
			name = Release;
		};
		D30B79082A387300003FE5C1 /* Debug */ = {
			isa = XCBuildConfiguration;
			buildSettings = {
				ASSETCATALOG_COMPILER_APPICON_NAME = AppIcon;
				ASSETCATALOG_COMPILER_GLOBAL_ACCENT_COLOR_NAME = AccentColor;
				CODE_SIGN_STYLE = Automatic;
				CURRENT_PROJECT_VERSION = 1;
				DEVELOPMENT_ASSET_PATHS = "\"TrackerISS/Preview Content\"";
				ENABLE_PREVIEWS = YES;
				GENERATE_INFOPLIST_FILE = YES;
				INFOPLIST_FILE = TrackerISS/Info.plist;
				INFOPLIST_KEY_UIApplicationSceneManifest_Generation = YES;
				INFOPLIST_KEY_UIApplicationSupportsIndirectInputEvents = YES;
				INFOPLIST_KEY_UILaunchScreen_Generation = YES;
				INFOPLIST_KEY_UISupportedInterfaceOrientations_iPad = "UIInterfaceOrientationPortrait UIInterfaceOrientationPortraitUpsideDown UIInterfaceOrientationLandscapeLeft UIInterfaceOrientationLandscapeRight";
				INFOPLIST_KEY_UISupportedInterfaceOrientations_iPhone = "UIInterfaceOrientationPortrait UIInterfaceOrientationLandscapeLeft UIInterfaceOrientationLandscapeRight";
				LD_RUNPATH_SEARCH_PATHS = (
					"$(inherited)",
					"@executable_path/Frameworks",
				);
				MARKETING_VERSION = 1.0;
				PRODUCT_BUNDLE_IDENTIFIER = MarkelJM.TrackerISS;
				PRODUCT_NAME = "$(TARGET_NAME)";
				SWIFT_EMIT_LOC_STRINGS = YES;
				SWIFT_VERSION = 5.0;
				TARGETED_DEVICE_FAMILY = "1,2";
			};
			name = Debug;
		};
		D30B79092A387300003FE5C1 /* Release */ = {
			isa = XCBuildConfiguration;
			buildSettings = {
				ASSETCATALOG_COMPILER_APPICON_NAME = AppIcon;
				ASSETCATALOG_COMPILER_GLOBAL_ACCENT_COLOR_NAME = AccentColor;
				CODE_SIGN_STYLE = Automatic;
				CURRENT_PROJECT_VERSION = 1;
				DEVELOPMENT_ASSET_PATHS = "\"TrackerISS/Preview Content\"";
				ENABLE_PREVIEWS = YES;
				GENERATE_INFOPLIST_FILE = YES;
				INFOPLIST_FILE = TrackerISS/Info.plist;
				INFOPLIST_KEY_UIApplicationSceneManifest_Generation = YES;
				INFOPLIST_KEY_UIApplicationSupportsIndirectInputEvents = YES;
				INFOPLIST_KEY_UILaunchScreen_Generation = YES;
				INFOPLIST_KEY_UISupportedInterfaceOrientations_iPad = "UIInterfaceOrientationPortrait UIInterfaceOrientationPortraitUpsideDown UIInterfaceOrientationLandscapeLeft UIInterfaceOrientationLandscapeRight";
				INFOPLIST_KEY_UISupportedInterfaceOrientations_iPhone = "UIInterfaceOrientationPortrait UIInterfaceOrientationLandscapeLeft UIInterfaceOrientationLandscapeRight";
				LD_RUNPATH_SEARCH_PATHS = (
					"$(inherited)",
					"@executable_path/Frameworks",
				);
				MARKETING_VERSION = 1.0;
				PRODUCT_BUNDLE_IDENTIFIER = MarkelJM.TrackerISS;
				PRODUCT_NAME = "$(TARGET_NAME)";
				SWIFT_EMIT_LOC_STRINGS = YES;
				SWIFT_VERSION = 5.0;
				TARGETED_DEVICE_FAMILY = "1,2";
			};
			name = Release;
		};
		D30B790B2A387300003FE5C1 /* Debug */ = {
			isa = XCBuildConfiguration;
			buildSettings = {
				ALWAYS_EMBED_SWIFT_STANDARD_LIBRARIES = YES;
				BUNDLE_LOADER = "$(TEST_HOST)";
				CODE_SIGN_STYLE = Automatic;
				CURRENT_PROJECT_VERSION = 1;
				GENERATE_INFOPLIST_FILE = YES;
				IPHONEOS_DEPLOYMENT_TARGET = 16.2;
				MARKETING_VERSION = 1.0;
				PRODUCT_BUNDLE_IDENTIFIER = MarkelJM.TrackerISSTests;
				PRODUCT_NAME = "$(TARGET_NAME)";
				SWIFT_EMIT_LOC_STRINGS = NO;
				SWIFT_VERSION = 5.0;
				TARGETED_DEVICE_FAMILY = "1,2";
				TEST_HOST = "$(BUILT_PRODUCTS_DIR)/TrackerISS.app/$(BUNDLE_EXECUTABLE_FOLDER_PATH)/TrackerISS";
			};
			name = Debug;
		};
		D30B790C2A387300003FE5C1 /* Release */ = {
			isa = XCBuildConfiguration;
			buildSettings = {
				ALWAYS_EMBED_SWIFT_STANDARD_LIBRARIES = YES;
				BUNDLE_LOADER = "$(TEST_HOST)";
				CODE_SIGN_STYLE = Automatic;
				CURRENT_PROJECT_VERSION = 1;
				GENERATE_INFOPLIST_FILE = YES;
				IPHONEOS_DEPLOYMENT_TARGET = 16.2;
				MARKETING_VERSION = 1.0;
				PRODUCT_BUNDLE_IDENTIFIER = MarkelJM.TrackerISSTests;
				PRODUCT_NAME = "$(TARGET_NAME)";
				SWIFT_EMIT_LOC_STRINGS = NO;
				SWIFT_VERSION = 5.0;
				TARGETED_DEVICE_FAMILY = "1,2";
				TEST_HOST = "$(BUILT_PRODUCTS_DIR)/TrackerISS.app/$(BUNDLE_EXECUTABLE_FOLDER_PATH)/TrackerISS";
			};
			name = Release;
		};
		D30B790E2A387300003FE5C1 /* Debug */ = {
			isa = XCBuildConfiguration;
			buildSettings = {
				ALWAYS_EMBED_SWIFT_STANDARD_LIBRARIES = YES;
				CODE_SIGN_STYLE = Automatic;
				CURRENT_PROJECT_VERSION = 1;
				GENERATE_INFOPLIST_FILE = YES;
				MARKETING_VERSION = 1.0;
				PRODUCT_BUNDLE_IDENTIFIER = MarkelJM.TrackerISSUITests;
				PRODUCT_NAME = "$(TARGET_NAME)";
				SWIFT_EMIT_LOC_STRINGS = NO;
				SWIFT_VERSION = 5.0;
				TARGETED_DEVICE_FAMILY = "1,2";
				TEST_TARGET_NAME = TrackerISS;
			};
			name = Debug;
		};
		D30B790F2A387300003FE5C1 /* Release */ = {
			isa = XCBuildConfiguration;
			buildSettings = {
				ALWAYS_EMBED_SWIFT_STANDARD_LIBRARIES = YES;
				CODE_SIGN_STYLE = Automatic;
				CURRENT_PROJECT_VERSION = 1;
				GENERATE_INFOPLIST_FILE = YES;
				MARKETING_VERSION = 1.0;
				PRODUCT_BUNDLE_IDENTIFIER = MarkelJM.TrackerISSUITests;
				PRODUCT_NAME = "$(TARGET_NAME)";
				SWIFT_EMIT_LOC_STRINGS = NO;
				SWIFT_VERSION = 5.0;
				TARGETED_DEVICE_FAMILY = "1,2";
				TEST_TARGET_NAME = TrackerISS;
			};
			name = Release;
		};
/* End XCBuildConfiguration section */

/* Begin XCConfigurationList section */
		D30B78DE2A3872FF003FE5C1 /* Build configuration list for PBXProject "TrackerISS" */ = {
			isa = XCConfigurationList;
			buildConfigurations = (
				D30B79052A387300003FE5C1 /* Debug */,
				D30B79062A387300003FE5C1 /* Release */,
			);
			defaultConfigurationIsVisible = 0;
			defaultConfigurationName = Release;
		};
		D30B79072A387300003FE5C1 /* Build configuration list for PBXNativeTarget "TrackerISS" */ = {
			isa = XCConfigurationList;
			buildConfigurations = (
				D30B79082A387300003FE5C1 /* Debug */,
				D30B79092A387300003FE5C1 /* Release */,
			);
			defaultConfigurationIsVisible = 0;
			defaultConfigurationName = Release;
		};
		D30B790A2A387300003FE5C1 /* Build configuration list for PBXNativeTarget "TrackerISSTests" */ = {
			isa = XCConfigurationList;
			buildConfigurations = (
				D30B790B2A387300003FE5C1 /* Debug */,
				D30B790C2A387300003FE5C1 /* Release */,
			);
			defaultConfigurationIsVisible = 0;
			defaultConfigurationName = Release;
		};
		D30B790D2A387300003FE5C1 /* Build configuration list for PBXNativeTarget "TrackerISSUITests" */ = {
			isa = XCConfigurationList;
			buildConfigurations = (
				D30B790E2A387300003FE5C1 /* Debug */,
				D30B790F2A387300003FE5C1 /* Release */,
			);
			defaultConfigurationIsVisible = 0;
			defaultConfigurationName = Release;
		};
/* End XCConfigurationList section */
	};
	rootObject = D30B78DB2A3872FF003FE5C1 /* Project object */;
}
